dependencies:
- name: common
  repository: https://charts.bitnami.com/bitnami
  version: 1.10.0
- name: postgresql
  repository: https://charts.bitnami.com/bitnami
  version: 10.12.5
digest: sha256:8cd2a5c6d598af598aaceb3a7fca874287acdea4dbe1e229a6810a7f8db5043d
generated: "2021-10-20T22:15:19.427717465+02:00"
