dependencies:
- name: postgresql
  repository: https://charts.bitnami.com/bitnami
  version: 11.6.17
- name: common
  repository: https://charts.bitnami.com/bitnami
  version: 1.16.1
digest: sha256:c1e527369eba26e205bc81d0d9236ff40ff428b80913e03bc27e23c6a44a0f47
generated: "2022-07-19T22:16:26.244526061+02:00"
